
Microsoft Visual Studio Solution File, Format Version 12.00
# Visual Studio Version 16
VisualStudioVersion = 16.0.31313.79
MinimumVisualStudioVersion = 10.0.40219.1
Project("{FAE04EC0-301F-11D3-BF4B-00C04F79EFBC}") = "AlgoritmosTdesRsa", "AlgoritmosTdesRsa\AlgoritmosTdesRsa.csproj", "{B12E49E2-9CBB-47F7-BA37-6AAD76B6B632}"
EndProject
Global
	GlobalSection(SolutionConfigurationPlatforms) = preSolution
		Debug|Any CPU = Debug|Any CPU
		Release|Any CPU = Release|Any CPU
	EndGlobalSection
	GlobalSection(ProjectConfigurationPlatforms) = postSolution
		{B12E49E2-9CBB-47F7-BA37-6AAD76B6B632}.Debug|Any CPU.ActiveCfg = Debug|Any CPU
		{B12E49E2-9CBB-47F7-BA37-6AAD76B6B632}.Debug|Any CPU.Build.0 = Debug|Any CPU
		{B12E49E2-9CBB-47F7-BA37-6AAD76B6B632}.Release|Any CPU.ActiveCfg = Release|Any CPU
		{B12E49E2-9CBB-47F7-BA37-6AAD76B6B632}.Release|Any CPU.Build.0 = Release|Any CPU
	EndGlobalSection
	GlobalSection(SolutionProperties) = preSolution
		HideSolutionNode = FALSE
	EndGlobalSection
	GlobalSection(ExtensibilityGlobals) = postSolution
		SolutionGuid = {DC525C55-9F05-453B-84C9-A9BF9779F7F3}
	EndGlobalSection
EndGlobal
